
Microsoft Visual Studio Solution File, Format Version 12.00
# Visual Studio Version 16
VisualStudioVersion = 16.0.29409.12
MinimumVisualStudioVersion = 10.0.40219.1
Project("{FAE04EC0-301F-11D3-BF4B-00C04F79EFBC}") = "CosmosDBCacheDemo", "CosmosDBCacheDemo.csproj", "{324BBAE9-7DFB-4F5D-95F7-A42E8C225C21}"
EndProject
Project("{FAE04EC0-301F-11D3-BF4B-00C04F79EFBC}") = "CosmosDBCacheLib", "..\cosmos db demo\CosmosDBCacheLib\CosmosDBCacheLib.csproj", "{9F823382-4E82-43E0-A1CC-C48D8E9EEFB3}"
EndProject
Global
	GlobalSection(SolutionConfigurationPlatforms) = preSolution
		Debug|Any CPU = Debug|Any CPU
		Release|Any CPU = Release|Any CPU
	EndGlobalSection
	GlobalSection(ProjectConfigurationPlatforms) = postSolution
		{324BBAE9-7DFB-4F5D-95F7-A42E8C225C21}.Debug|Any CPU.ActiveCfg = Debug|Any CPU
		{324BBAE9-7DFB-4F5D-95F7-A42E8C225C21}.Debug|Any CPU.Build.0 = Debug|Any CPU
		{324BBAE9-7DFB-4F5D-95F7-A42E8C225C21}.Release|Any CPU.ActiveCfg = Release|Any CPU
		{324BBAE9-7DFB-4F5D-95F7-A42E8C225C21}.Release|Any CPU.Build.0 = Release|Any CPU
		{9F823382-4E82-43E0-A1CC-C48D8E9EEFB3}.Debug|Any CPU.ActiveCfg = Debug|Any CPU
		{9F823382-4E82-43E0-A1CC-C48D8E9EEFB3}.Debug|Any CPU.Build.0 = Debug|Any CPU
		{9F823382-4E82-43E0-A1CC-C48D8E9EEFB3}.Release|Any CPU.ActiveCfg = Release|Any CPU
		{9F823382-4E82-43E0-A1CC-C48D8E9EEFB3}.Release|Any CPU.Build.0 = Release|Any CPU
	EndGlobalSection
	GlobalSection(SolutionProperties) = preSolution
		HideSolutionNode = FALSE
	EndGlobalSection
	GlobalSection(ExtensibilityGlobals) = postSolution
		SolutionGuid = {0EEE36CA-659F-4A54-BCAA-E71F0D5002C8}
	EndGlobalSection
EndGlobal
